
Microsoft Visual Studio Solution File, Format Version 12.00
# Visual Studio Version 17
VisualStudioVersion = 17.11.35312.102
MinimumVisualStudioVersion = 10.0.40219.1
Project("{FAE04EC0-301F-11D3-BF4B-00C04F79EFBC}") = "FirstSteps", "FirstSteps.csproj", "{B24C8892-A2E3-4A9E-8087-B2182D2A3D65}"
EndProject
Project("{FAE04EC0-301F-11D3-BF4B-00C04F79EFBC}") = "Imputs", "..\Imputs\Imputs.csproj", "{B975150B-67D5-4AAF-A61C-74ADF3424CE1}"
EndProject
Global
	GlobalSection(SolutionConfigurationPlatforms) = preSolution
		Debug|Any CPU = Debug|Any CPU
		Release|Any CPU = Release|Any CPU
	EndGlobalSection
	GlobalSection(ProjectConfigurationPlatforms) = postSolution
		{B24C8892-A2E3-4A9E-8087-B2182D2A3D65}.Debug|Any CPU.ActiveCfg = Debug|Any CPU
		{B24C8892-A2E3-4A9E-8087-B2182D2A3D65}.Debug|Any CPU.Build.0 = Debug|Any CPU
		{B24C8892-A2E3-4A9E-8087-B2182D2A3D65}.Release|Any CPU.ActiveCfg = Release|Any CPU
		{B24C8892-A2E3-4A9E-8087-B2182D2A3D65}.Release|Any CPU.Build.0 = Release|Any CPU
		{B975150B-67D5-4AAF-A61C-74ADF3424CE1}.Debug|Any CPU.ActiveCfg = Debug|Any CPU
		{B975150B-67D5-4AAF-A61C-74ADF3424CE1}.Debug|Any CPU.Build.0 = Debug|Any CPU
		{B975150B-67D5-4AAF-A61C-74ADF3424CE1}.Release|Any CPU.ActiveCfg = Release|Any CPU
		{B975150B-67D5-4AAF-A61C-74ADF3424CE1}.Release|Any CPU.Build.0 = Release|Any CPU
	EndGlobalSection
	GlobalSection(SolutionProperties) = preSolution
		HideSolutionNode = FALSE
	EndGlobalSection
	GlobalSection(ExtensibilityGlobals) = postSolution
		SolutionGuid = {D1F2F11C-8C6F-4B05-B6B7-E2CB1A46D3CD}
	EndGlobalSection
EndGlobal
